Microsoft Visual Studio Solution File, Format Version 12.00
# Visual Studio Version 17
VisualStudioVersion = 17.5.2.0
MinimumVisualStudioVersion = 10.0.40219.1
Project("{FAE04EC0-301F-11D3-BF4B-00C04F79EFBC}") = "OpcUaMappingTool.Backend", "OpcUaMappingTool.Backend.csproj", "{26CC0244-770F-DB22-12FB-BEDD3FE19062}"
EndProject
Global
	GlobalSection(SolutionConfigurationPlatforms) = preSolution
		Debug|Any CPU = Debug|Any CPU
		Release|Any CPU = Release|Any CPU
	EndGlobalSection
	GlobalSection(ProjectConfigurationPlatforms) = postSolution
		{26CC0244-770F-DB22-12FB-BEDD3FE19062}.Debug|Any CPU.ActiveCfg = Debug|Any CPU
		{26CC0244-770F-DB22-12FB-BEDD3FE19062}.Debug|Any CPU.Build.0 = Debug|Any CPU
		{26CC0244-770F-DB22-12FB-BEDD3FE19062}.Release|Any CPU.ActiveCfg = Release|Any CPU
		{26CC0244-770F-DB22-12FB-BEDD3FE19062}.Release|Any CPU.Build.0 = Release|Any CPU
	EndGlobalSection
	GlobalSection(SolutionProperties) = preSolution
		HideSolutionNode = FALSE
	EndGlobalSection
	GlobalSection(ExtensibilityGlobals) = postSolution
		SolutionGuid = {38CDF3E3-7A31-45B8-A176-605148AF26E9}
	EndGlobalSection
EndGlobal
